// !$*UTF8*$!
{
	archiveVersion = 1;
	classes = {
	};
	objectVersion = 46;
	objects = {

/* Begin PBXBuildFile section */
		D12E230C1EA646F700D99E80 /* maths.framework in Frameworks */ = {isa = PBXBuildFile; fileRef = D12E23021EA646F700D99E80 /* maths.framework */; };
		D12E23111EA646F700D99E80 /* mathsTests.swift in Sources */ = {isa = PBXBuildFile; fileRef = D12E23101EA646F700D99E80 /* mathsTests.swift */; };
		D12E231D1EA6475B00D99E80 /* PolynomialFit.swift in Sources */ = {isa = PBXBuildFile; fileRef = D12E231C1EA6475B00D99E80 /* PolynomialFit.swift */; };
		D12E231F1EA647B700D99E80 /* Vector2d.swift in Sources */ = {isa = PBXBuildFile; fileRef = D12E231E1EA647B700D99E80 /* Vector2d.swift */; };
		D12E232A1EA65C7300D99E80 /* Matrix.swift in Sources */ = {isa = PBXBuildFile; fileRef = D12E23291EA65C7300D99E80 /* Matrix.swift */; };
		D12E232C1EA65C8B00D99E80 /* Vector.swift in Sources */ = {isa = PBXBuildFile; fileRef = D12E232B1EA65C8B00D99E80 /* Vector.swift */; };
		D157C0CE1EA6D01A00B445A9 /* Array.swift in Sources */ = {isa = PBXBuildFile; fileRef = D157C0CD1EA6D01A00B445A9 /* Array.swift */; };
/* End PBXBuildFile section */

/* Begin PBXContainerItemProxy section */
		D12E230D1EA646F700D99E80 /* PBXContainerItemProxy */ = {
			isa = PBXContainerItemProxy;
			containerPortal = D12E22F91EA646F700D99E80 /* Project object */;
			proxyType = 1;
			remoteGlobalIDString = D12E23011EA646F700D99E80;
			remoteInfo = maths;
		};
/* End PBXContainerItemProxy section */

/* Begin PBXFileReference section */
		D12E23021EA646F700D99E80 /* maths.framework */ = {isa = PBXFileReference; explicitFileType = wrapper.framework; includeInIndex = 0; path = maths.framework; sourceTree = BUILT_PRODUCTS_DIR; };
		D12E23061EA646F700D99E80 /* Info.plist */ = {isa = PBXFileReference; lastKnownFileType = text.plist.xml; path = Info.plist; sourceTree = "<group>"; };
		D12E230B1EA646F700D99E80 /* mathsTests.xctest */ = {isa = PBXFileReference; explicitFileType = wrapper.cfbundle; includeInIndex = 0; path = mathsTests.xctest; sourceTree = BUILT_PRODUCTS_DIR; };
		D12E23101EA646F700D99E80 /* mathsTests.swift */ = {isa = PBXFileReference; lastKnownFileType = sourcecode.swift; path = mathsTests.swift; sourceTree = "<group>"; };
		D12E23121EA646F700D99E80 /* Info.plist */ = {isa = PBXFileReference; lastKnownFileType = text.plist.xml; path = Info.plist; sourceTree = "<group>"; };
		D12E231C1EA6475B00D99E80 /* PolynomialFit.swift */ = {isa = PBXFileReference; fileEncoding = 4; lastKnownFileType = sourcecode.swift; path = PolynomialFit.swift; sourceTree = "<group>"; };
		D12E231E1EA647B700D99E80 /* Vector2d.swift */ = {isa = PBXFileReference; fileEncoding = 4; lastKnownFileType = sourcecode.swift; path = Vector2d.swift; sourceTree = "<group>"; };
		D12E23291EA65C7300D99E80 /* Matrix.swift */ = {isa = PBXFileReference; fileEncoding = 4; lastKnownFileType = sourcecode.swift; path = Matrix.swift; sourceTree = "<group>"; };
		D12E232B1EA65C8B00D99E80 /* Vector.swift */ = {isa = PBXFileReference; fileEncoding = 4; lastKnownFileType = sourcecode.swift; path = Vector.swift; sourceTree = "<group>"; };
		D12E23331EA68BE500D99E80 /* My Playground.playground */ = {isa = PBXFileReference; lastKnownFileType = file.playground; path = "My Playground.playground"; sourceTree = SOURCE_ROOT; };
		D157C0CD1EA6D01A00B445A9 /* Array.swift */ = {isa = PBXFileReference; fileEncoding = 4; lastKnownFileType = sourcecode.swift; path = Array.swift; sourceTree = "<group>"; };
/* End PBXFileReference section */

/* Begin PBXFrameworksBuildPhase section */
		D12E22FE1EA646F700D99E80 /* Frameworks */ = {
			isa = PBXFrameworksBuildPhase;
			buildActionMask = 2147483647;
			files = (
			);
			runOnlyForDeploymentPostprocessing = 0;
		};
		D12E23081EA646F700D99E80 /* Frameworks */ = {
			isa = PBXFrameworksBuildPhase;
			buildActionMask = 2147483647;
			files = (
				D12E230C1EA646F700D99E80 /* maths.framework in Frameworks */,
			);
			runOnlyForDeploymentPostprocessing = 0;
		};
/* End PBXFrameworksBuildPhase section */

/* Begin PBXGroup section */
		D12E22F81EA646F700D99E80 = {
			isa = PBXGroup;
			children = (
				D12E23041EA646F700D99E80 /* maths */,
				D12E230F1EA646F700D99E80 /* mathsTests */,
				D12E23031EA646F700D99E80 /* Products */,
			);
			sourceTree = "<group>";
		};
		D12E23031EA646F700D99E80 /* Products */ = {
			isa = PBXGroup;
			children = (
				D12E23021EA646F700D99E80 /* maths.framework */,
				D12E230B1EA646F700D99E80 /* mathsTests.xctest */,
			);
			name = Products;
			sourceTree = "<group>";
		};
		D12E23041EA646F700D99E80 /* maths */ = {
			isa = PBXGroup;
			children = (
				D12E23061EA646F700D99E80 /* Info.plist */,
				D157C0CD1EA6D01A00B445A9 /* Array.swift */,
				D12E231C1EA6475B00D99E80 /* PolynomialFit.swift */,
				D12E23291EA65C7300D99E80 /* Matrix.swift */,
				D12E231E1EA647B700D99E80 /* Vector2d.swift */,
				D12E232B1EA65C8B00D99E80 /* Vector.swift */,
				D12E23331EA68BE500D99E80 /* My Playground.playground */,
			);
			path = maths;
			sourceTree = "<group>";
		};
		D12E230F1EA646F700D99E80 /* mathsTests */ = {
			isa = PBXGroup;
			children = (
				D12E23101EA646F700D99E80 /* mathsTests.swift */,
				D12E23121EA646F700D99E80 /* Info.plist */,
			);
			path = mathsTests;
			sourceTree = "<group>";
		};
/* End PBXGroup section */

/* Begin PBXHeadersBuildPhase section */
		D12E22FF1EA646F700D99E80 /* Headers */ = {
			isa = PBXHeadersBuildPhase;
			buildActionMask = 2147483647;
			files = (
			);
			runOnlyForDeploymentPostprocessing = 0;
		};
/* End PBXHeadersBuildPhase section */

/* Begin PBXNativeTarget section */
		D12E23011EA646F700D99E80 /* maths */ = {
			isa = PBXNativeTarget;
			buildConfigurationList = D12E23161EA646F700D99E80 /* Build configuration list for PBXNativeTarget "maths" */;
			buildPhases = (
				D12E22FD1EA646F700D99E80 /* Sources */,
				D12E22FE1EA646F700D99E80 /* Frameworks */,
				D12E22FF1EA646F700D99E80 /* Headers */,
				D12E23001EA646F700D99E80 /* Resources */,
			);
			buildRules = (
			);
			dependencies = (
			);
			name = maths;
			productName = maths;
			productReference = D12E23021EA646F700D99E80 /* maths.framework */;
			productType = "com.apple.product-type.framework";
		};
		D12E230A1EA646F700D99E80 /* mathsTests */ = {
			isa = PBXNativeTarget;
			buildConfigurationList = D12E23191EA646F700D99E80 /* Build configuration list for PBXNativeTarget "mathsTests" */;
			buildPhases = (
				D12E23071EA646F700D99E80 /* Sources */,
				D12E23081EA646F700D99E80 /* Frameworks */,
				D12E23091EA646F700D99E80 /* Resources */,
			);
			buildRules = (
			);
			dependencies = (
				D12E230E1EA646F700D99E80 /* PBXTargetDependency */,
			);
			name = mathsTests;
			productName = mathsTests;
			productReference = D12E230B1EA646F700D99E80 /* mathsTests.xctest */;
			productType = "com.apple.product-type.bundle.unit-test";
		};
/* End PBXNativeTarget section */

/* Begin PBXProject section */
		D12E22F91EA646F700D99E80 /* Project object */ = {
			isa = PBXProject;
			attributes = {
				LastSwiftUpdateCheck = 0830;
				LastUpgradeCheck = 0830;
				ORGANIZATIONNAME = "Adam Fowler";
				TargetAttributes = {
					D12E23011EA646F700D99E80 = {
						CreatedOnToolsVersion = 8.3;
						DevelopmentTeam = QJ3Z32MXU8;
						LastSwiftMigration = 0830;
						ProvisioningStyle = Automatic;
					};
					D12E230A1EA646F700D99E80 = {
						CreatedOnToolsVersion = 8.3;
						DevelopmentTeam = QJ3Z32MXU8;
						ProvisioningStyle = Automatic;
					};
				};
			};
			buildConfigurationList = D12E22FC1EA646F700D99E80 /* Build configuration list for PBXProject "maths" */;
			compatibilityVersion = "Xcode 3.2";
			developmentRegion = English;
			hasScannedForEncodings = 0;
			knownRegions = (
				en,
			);
			mainGroup = D12E22F81EA646F700D99E80;
			productRefGroup = D12E23031EA646F700D99E80 /* Products */;
			projectDirPath = "";
			projectRoot = "";
			targets = (
				D12E23011EA646F700D99E80 /* maths */,
				D12E230A1EA646F700D99E80 /* mathsTests */,
			);
		};
/* End PBXProject section */

/* Begin PBXResourcesBuildPhase section */
		D12E23001EA646F700D99E80 /* Resources */ = {
			isa = PBXResourcesBuildPhase;
			buildActionMask = 2147483647;
			files = (
			);
			runOnlyForDeploymentPostprocessing = 0;
		};
		D12E23091EA646F700D99E80 /* Resources */ = {
			isa = PBXResourcesBuildPhase;
			buildActionMask = 2147483647;
			files = (
			);
			runOnlyForDeploymentPostprocessing = 0;
		};
/* End PBXResourcesBuildPhase section */

/* Begin PBXSourcesBuildPhase section */
		D12E22FD1EA646F700D99E80 /* Sources */ = {
			isa = PBXSourcesBuildPhase;
			buildActionMask = 2147483647;
			files = (
				D12E231F1EA647B700D99E80 /* Vector2d.swift in Sources */,
				D157C0CE1EA6D01A00B445A9 /* Array.swift in Sources */,
				D12E231D1EA6475B00D99E80 /* PolynomialFit.swift in Sources */,
				D12E232C1EA65C8B00D99E80 /* Vector.swift in Sources */,
				D12E232A1EA65C7300D99E80 /* Matrix.swift in Sources */,
			);
			runOnlyForDeploymentPostprocessing = 0;
		};
		D12E23071EA646F700D99E80 /* Sources */ = {
			isa = PBXSourcesBuildPhase;
			buildActionMask = 2147483647;
			files = (
				D12E23111EA646F700D99E80 /* mathsTests.swift in Sources */,
			);
			runOnlyForDeploymentPostprocessing = 0;
		};
/* End PBXSourcesBuildPhase section */

/* Begin PBXTargetDependency section */
		D12E230E1EA646F700D99E80 /* PBXTargetDependency */ = {
			isa = PBXTargetDependency;
			target = D12E23011EA646F700D99E80 /* maths */;
			targetProxy = D12E230D1EA646F700D99E80 /* PBXContainerItemProxy */;
		};
/* End PBXTargetDependency section */

/* Begin XCBuildConfiguration section */
		D12E23141EA646F700D99E80 /* Debug */ = {
			isa = XCBuildConfiguration;
			buildSettings = {
				ALWAYS_SEARCH_USER_PATHS = NO;
				CLANG_ANALYZER_NONNULL = YES;
				CLANG_ANALYZER_NUMBER_OBJECT_CONVERSION = YES_AGGRESSIVE;
				CLANG_CXX_LANGUAGE_STANDARD = "gnu++0x";
				CLANG_CXX_LIBRARY = "libc++";
				CLANG_ENABLE_MODULES = YES;
				CLANG_ENABLE_OBJC_ARC = YES;
				CLANG_WARN_BOOL_CONVERSION = YES;
				CLANG_WARN_CONSTANT_CONVERSION = YES;
				CLANG_WARN_DIRECT_OBJC_ISA_USAGE = YES_ERROR;
				CLANG_WARN_DOCUMENTATION_COMMENTS = YES;
				CLANG_WARN_EMPTY_BODY = YES;
				CLANG_WARN_ENUM_CONVERSION = YES;
				CLANG_WARN_INFINITE_RECURSION = YES;
				CLANG_WARN_INT_CONVERSION = YES;
				CLANG_WARN_OBJC_ROOT_CLASS = YES_ERROR;
				CLANG_WARN_SUSPICIOUS_MOVE = YES;
				CLANG_WARN_UNREACHABLE_CODE = YES;
				CLANG_WARN__DUPLICATE_METHOD_MATCH = YES;
				"CODE_SIGN_IDENTITY[sdk=iphoneos*]" = "iPhone Developer";
				COPY_PHASE_STRIP = NO;
				CURRENT_PROJECT_VERSION = 1;
				DEBUG_INFORMATION_FORMAT = dwarf;
				ENABLE_STRICT_OBJC_MSGSEND = YES;
				ENABLE_TESTABILITY = YES;
				GCC_C_LANGUAGE_STANDARD = gnu99;
				GCC_DYNAMIC_NO_PIC = NO;
				GCC_NO_COMMON_BLOCKS = YES;
				GCC_OPTIMIZATION_LEVEL = 0;
				GCC_PREPROCESSOR_DEFINITIONS = (
					"DEBUG=1",
					"$(inherited)",
				);
				GCC_WARN_64_TO_32_BIT_CONVERSION = YES;
				GCC_WARN_ABOUT_RETURN_TYPE = YES_ERROR;
				GCC_WARN_UNDECLARED_SELECTOR = YES;
				GCC_WARN_UNINITIALIZED_AUTOS = YES_AGGRESSIVE;
				GCC_WARN_UNUSED_FUNCTION = YES;
				GCC_WARN_UNUSED_VARIABLE = YES;
				IPHONEOS_DEPLOYMENT_TARGET = 10.3;
				MTL_ENABLE_DEBUG_INFO = YES;
				ONLY_ACTIVE_ARCH = YES;
				SDKROOT = iphoneos;
				SWIFT_ACTIVE_COMPILATION_CONDITIONS = DEBUG;
				SWIFT_OPTIMIZATION_LEVEL = "-Onone";
				TARGETED_DEVICE_FAMILY = "1,2";
				VERSIONING_SYSTEM = "apple-generic";
				VERSION_INFO_PREFIX = "";
			};
			name = Debug;
		};
		D12E23151EA646F700D99E80 /* Release */ = {
			isa = XCBuildConfiguration;
			buildSettings = {
				ALWAYS_SEARCH_USER_PATHS = NO;
				CLANG_ANALYZER_NONNULL = YES;
				CLANG_ANALYZER_NUMBER_OBJECT_CONVERSION = YES_AGGRESSIVE;
				CLANG_CXX_LANGUAGE_STANDARD = "gnu++0x";
				CLANG_CXX_LIBRARY = "libc++";
				CLANG_ENABLE_MODULES = YES;
				CLANG_ENABLE_OBJC_ARC = YES;
				CLANG_WARN_BOOL_CONVERSION = YES;
				CLANG_WARN_CONSTANT_CONVERSION = YES;
				CLANG_WARN_DIRECT_OBJC_ISA_USAGE = YES_ERROR;
				CLANG_WARN_DOCUMENTATION_COMMENTS = YES;
				CLANG_WARN_EMPTY_BODY = YES;
				CLANG_WARN_ENUM_CONVERSION = YES;
				CLANG_WARN_INFINITE_RECURSION = YES;
				CLANG_WARN_INT_CONVERSION = YES;
				CLANG_WARN_OBJC_ROOT_CLASS = YES_ERROR;
				CLANG_WARN_SUSPICIOUS_MOVE = YES;
				CLANG_WARN_UNREACHABLE_CODE = YES;
				CLANG_WARN__DUPLICATE_METHOD_MATCH = YES;
				"CODE_SIGN_IDENTITY[sdk=iphoneos*]" = "iPhone Developer";
				COPY_PHASE_STRIP = NO;
				CURRENT_PROJECT_VERSION = 1;
				DEBUG_INFORMATION_FORMAT = "dwarf-with-dsym";
				ENABLE_NS_ASSERTIONS = NO;
				ENABLE_STRICT_OBJC_MSGSEND = YES;
				GCC_C_LANGUAGE_STANDARD = gnu99;
				GCC_NO_COMMON_BLOCKS = YES;
				GCC_WARN_64_TO_32_BIT_CONVERSION = YES;
				GCC_WARN_ABOUT_RETURN_TYPE = YES_ERROR;
				GCC_WARN_UNDECLARED_SELECTOR = YES;
				GCC_WARN_UNINITIALIZED_AUTOS = YES_AGGRESSIVE;
				GCC_WARN_UNUSED_FUNCTION = YES;
				GCC_WARN_UNUSED_VARIABLE = YES;
				IPHONEOS_DEPLOYMENT_TARGET = 10.3;
				MTL_ENABLE_DEBUG_INFO = NO;
				SDKROOT = iphoneos;
				SWIFT_OPTIMIZATION_LEVEL = "-Owholemodule";
				TARGETED_DEVICE_FAMILY = "1,2";
				VALIDATE_PRODUCT = YES;
				VERSIONING_SYSTEM = "apple-generic";
				VERSION_INFO_PREFIX = "";
			};
			name = Release;
		};
		D12E23171EA646F700D99E80 /* Debug */ = {
			isa = XCBuildConfiguration;
			buildSettings = {
				CLANG_ENABLE_MODULES = YES;
				CODE_SIGN_IDENTITY = "";
				DEFINES_MODULE = YES;
				DEVELOPMENT_TEAM = QJ3Z32MXU8;
				DYLIB_COMPATIBILITY_VERSION = 1;
				DYLIB_CURRENT_VERSION = 1;
				DYLIB_INSTALL_NAME_BASE = "@rpath";
				INFOPLIST_FILE = maths/Info.plist;
				INSTALL_PATH = "$(LOCAL_LIBRARY_DIR)/Frameworks";
				IPHONEOS_DEPLOYMENT_TARGET = 10.2;
				LD_RUNPATH_SEARCH_PATHS = "$(inherited) @executable_path/Frameworks @loader_path/Frameworks";
				PRODUCT_BUNDLE_IDENTIFIER = com.adamfowlerphotography.maths;
				PRODUCT_NAME = "$(TARGET_NAME)";
				SKIP_INSTALL = YES;
				SWIFT_OPTIMIZATION_LEVEL = "-Onone";
				SWIFT_VERSION = 3.0;
			};
			name = Debug;
		};
		D12E23181EA646F700D99E80 /* Release */ = {
			isa = XCBuildConfiguration;
			buildSettings = {
				CLANG_ENABLE_MODULES = YES;
				CODE_SIGN_IDENTITY = "";
				DEFINES_MODULE = YES;
				DEVELOPMENT_TEAM = QJ3Z32MXU8;
				DYLIB_COMPATIBILITY_VERSION = 1;
				DYLIB_CURRENT_VERSION = 1;
				DYLIB_INSTALL_NAME_BASE = "@rpath";
				INFOPLIST_FILE = maths/Info.plist;
				INSTALL_PATH = "$(LOCAL_LIBRARY_DIR)/Frameworks";
				IPHONEOS_DEPLOYMENT_TARGET = 10.2;
				LD_RUNPATH_SEARCH_PATHS = "$(inherited) @executable_path/Frameworks @loader_path/Frameworks";
				PRODUCT_BUNDLE_IDENTIFIER = com.adamfowlerphotography.maths;
				PRODUCT_NAME = "$(TARGET_NAME)";
				SKIP_INSTALL = YES;
				SWIFT_VERSION = 3.0;
			};
			name = Release;
		};
		D12E231A1EA646F700D99E80 /* Debug */ = {
			isa = XCBuildConfiguration;
			buildSettings = {
				ALWAYS_EMBED_SWIFT_STANDARD_LIBRARIES = YES;
				DEVELOPMENT_TEAM = QJ3Z32MXU8;
				INFOPLIST_FILE = mathsTests/Info.plist;
				LD_RUNPATH_SEARCH_PATHS = "$(inherited) @executable_path/Frameworks @loader_path/Frameworks";
				PRODUCT_BUNDLE_IDENTIFIER = com.adamfowlerphotography.mathsTests;
				PRODUCT_NAME = "$(TARGET_NAME)";
				SWIFT_VERSION = 3.0;
			};
			name = Debug;
		};
		D12E231B1EA646F700D99E80 /* Release */ = {
			isa = XCBuildConfiguration;
			buildSettings = {
				ALWAYS_EMBED_SWIFT_STANDARD_LIBRARIES = YES;
				DEVELOPMENT_TEAM = QJ3Z32MXU8;
				INFOPLIST_FILE = mathsTests/Info.plist;
				LD_RUNPATH_SEARCH_PATHS = "$(inherited) @executable_path/Frameworks @loader_path/Frameworks";
				PRODUCT_BUNDLE_IDENTIFIER = com.adamfowlerphotography.mathsTests;
				PRODUCT_NAME = "$(TARGET_NAME)";
				SWIFT_VERSION = 3.0;
			};
			name = Release;
		};
/* End XCBuildConfiguration section */

/* Begin XCConfigurationList section */
		D12E22FC1EA646F700D99E80 /* Build configuration list for PBXProject "maths" */ = {
			isa = XCConfigurationList;
			buildConfigurations = (
				D12E23141EA646F700D99E80 /* Debug */,
				D12E23151EA646F700D99E80 /* Release */,
			);
			defaultConfigurationIsVisible = 0;
			defaultConfigurationName = Release;
		};
		D12E23161EA646F700D99E80 /* Build configuration list for PBXNativeTarget "maths" */ = {
			isa = XCConfigurationList;
			buildConfigurations = (
				D12E23171EA646F700D99E80 /* Debug */,
				D12E23181EA646F700D99E80 /* Release */,
			);
			defaultConfigurationIsVisible = 0;
			defaultConfigurationName = Release;
		};
		D12E23191EA646F700D99E80 /* Build configuration list for PBXNativeTarget "mathsTests" */ = {
			isa = XCConfigurationList;
			buildConfigurations = (
				D12E231A1EA646F700D99E80 /* Debug */,
				D12E231B1EA646F700D99E80 /* Release */,
			);
			defaultConfigurationIsVisible = 0;
			defaultConfigurationName = Release;
		};
/* End XCConfigurationList section */
	};
	rootObject = D12E22F91EA646F700D99E80 /* Project object */;
}
